// !$*UTF8*$!
{
	archiveVersion = 1;
	classes = {
	};
	objectVersion = 50;
	objects = {

/* Begin PBXBuildFile section */
		2C01757D22C2E5DC00BB879C /* AppDelegate.swift in Sources */ = {isa = PBXBuildFile; fileRef = 2C01757C22C2E5DC00BB879C /* AppDelegate.swift */; };
		2C01757F22C2E5DC00BB879C /* ViewController.swift in Sources */ = {isa = PBXBuildFile; fileRef = 2C01757E22C2E5DC00BB879C /* ViewController.swift */; };
		2C01758222C2E5DC00BB879C /* Main.storyboard in Resources */ = {isa = PBXBuildFile; fileRef = 2C01758022C2E5DC00BB879C /* Main.storyboard */; };
		2C01758422C2E5DD00BB879C /* Assets.xcassets in Resources */ = {isa = PBXBuildFile; fileRef = 2C01758322C2E5DD00BB879C /* Assets.xcassets */; };
		2C01758722C2E5DD00BB879C /* LaunchScreen.storyboard in Resources */ = {isa = PBXBuildFile; fileRef = 2C01758522C2E5DD00BB879C /* LaunchScreen.storyboard */; };
		2C01758F22C2E5F600BB879C /* Monster.swift in Sources */ = {isa = PBXBuildFile; fileRef = 2C01758E22C2E5F600BB879C /* Monster.swift */; };
		2C01759122C2E98700BB879C /* MonsterCell.swift in Sources */ = {isa = PBXBuildFile; fileRef = 2C01759022C2E98700BB879C /* MonsterCell.swift */; };
/* End PBXBuildFile section */

/* Begin PBXFileReference section */
		2C01757922C2E5DC00BB879C /* TWOM_Timer.app */ = {isa = PBXFileReference; explicitFileType = wrapper.application; includeInIndex = 0; path = TWOM_Timer.app; sourceTree = BUILT_PRODUCTS_DIR; };
		2C01757C22C2E5DC00BB879C /* AppDelegate.swift */ = {isa = PBXFileReference; lastKnownFileType = sourcecode.swift; path = AppDelegate.swift; sourceTree = "<group>"; };
		2C01757E22C2E5DC00BB879C /* ViewController.swift */ = {isa = PBXFileReference; lastKnownFileType = sourcecode.swift; path = ViewController.swift; sourceTree = "<group>"; };
		2C01758122C2E5DC00BB879C /* Base */ = {isa = PBXFileReference; lastKnownFileType = file.storyboard; name = Base; path = Base.lproj/Main.storyboard; sourceTree = "<group>"; };
		2C01758322C2E5DD00BB879C /* Assets.xcassets */ = {isa = PBXFileReference; lastKnownFileType = folder.assetcatalog; path = Assets.xcassets; sourceTree = "<group>"; };
		2C01758622C2E5DD00BB879C /* Base */ = {isa = PBXFileReference; lastKnownFileType = file.storyboard; name = Base; path = Base.lproj/LaunchScreen.storyboard; sourceTree = "<group>"; };
		2C01758822C2E5DD00BB879C /* Info.plist */ = {isa = PBXFileReference; lastKnownFileType = text.plist.xml; path = Info.plist; sourceTree = "<group>"; };
		2C01758E22C2E5F600BB879C /* Monster.swift */ = {isa = PBXFileReference; lastKnownFileType = sourcecode.swift; path = Monster.swift; sourceTree = "<group>"; };
		2C01759022C2E98700BB879C /* MonsterCell.swift */ = {isa = PBXFileReference; lastKnownFileType = sourcecode.swift; path = MonsterCell.swift; sourceTree = "<group>"; };
/* End PBXFileReference section */

/* Begin PBXFrameworksBuildPhase section */
		2C01757622C2E5DC00BB879C /* Frameworks */ = {
			isa = PBXFrameworksBuildPhase;
			buildActionMask = 2147483647;
			files = (
			);
			runOnlyForDeploymentPostprocessing = 0;
		};
/* End PBXFrameworksBuildPhase section */

/* Begin PBXGroup section */
		2C01757022C2E5DC00BB879C = {
			isa = PBXGroup;
			children = (
				2C01757B22C2E5DC00BB879C /* TWOM_Timer */,
				2C01757A22C2E5DC00BB879C /* Products */,
			);
			sourceTree = "<group>";
		};
		2C01757A22C2E5DC00BB879C /* Products */ = {
			isa = PBXGroup;
			children = (
				2C01757922C2E5DC00BB879C /* TWOM_Timer.app */,
			);
			name = Products;
			sourceTree = "<group>";
		};
		2C01757B22C2E5DC00BB879C /* TWOM_Timer */ = {
			isa = PBXGroup;
			children = (
				2C01757C22C2E5DC00BB879C /* AppDelegate.swift */,
				2C01757E22C2E5DC00BB879C /* ViewController.swift */,
				2C01758E22C2E5F600BB879C /* Monster.swift */,
				2C01759022C2E98700BB879C /* MonsterCell.swift */,
				2C01758022C2E5DC00BB879C /* Main.storyboard */,
				2C01758322C2E5DD00BB879C /* Assets.xcassets */,
				2C01758522C2E5DD00BB879C /* LaunchScreen.storyboard */,
				2C01758822C2E5DD00BB879C /* Info.plist */,
			);
			path = TWOM_Timer;
			sourceTree = "<group>";
		};
/* End PBXGroup section */

/* Begin PBXNativeTarget section */
		2C01757822C2E5DC00BB879C /* TWOM_Timer */ = {
			isa = PBXNativeTarget;
			buildConfigurationList = 2C01758B22C2E5DD00BB879C /* Build configuration list for PBXNativeTarget "TWOM_Timer" */;
			buildPhases = (
				2C01757522C2E5DC00BB879C /* Sources */,
				2C01757622C2E5DC00BB879C /* Frameworks */,
				2C01757722C2E5DC00BB879C /* Resources */,
			);
			buildRules = (
			);
			dependencies = (
			);
			name = TWOM_Timer;
			productName = TWOM_Timer;
			productReference = 2C01757922C2E5DC00BB879C /* TWOM_Timer.app */;
			productType = "com.apple.product-type.application";
		};
/* End PBXNativeTarget section */

/* Begin PBXProject section */
		2C01757122C2E5DC00BB879C /* Project object */ = {
			isa = PBXProject;
			attributes = {
				LastSwiftUpdateCheck = 1010;
				LastUpgradeCheck = 1010;
				ORGANIZATIONNAME = "Young Jin Kim";
				TargetAttributes = {
					2C01757822C2E5DC00BB879C = {
						CreatedOnToolsVersion = 10.1;
						SystemCapabilities = {
							com.apple.BackgroundModes = {
								enabled = 1;
							};
						};
					};
				};
			};
			buildConfigurationList = 2C01757422C2E5DC00BB879C /* Build configuration list for PBXProject "TWOM_Timer" */;
			compatibilityVersion = "Xcode 9.3";
			developmentRegion = en;
			hasScannedForEncodings = 0;
			knownRegions = (
				en,
				Base,
			);
			mainGroup = 2C01757022C2E5DC00BB879C;
			productRefGroup = 2C01757A22C2E5DC00BB879C /* Products */;
			projectDirPath = "";
			projectRoot = "";
			targets = (
				2C01757822C2E5DC00BB879C /* TWOM_Timer */,
			);
		};
/* End PBXProject section */

/* Begin PBXResourcesBuildPhase section */
		2C01757722C2E5DC00BB879C /* Resources */ = {
			isa = PBXResourcesBuildPhase;
			buildActionMask = 2147483647;
			files = (
				2C01758722C2E5DD00BB879C /* LaunchScreen.storyboard in Resources */,
				2C01758422C2E5DD00BB879C /* Assets.xcassets in Resources */,
				2C01758222C2E5DC00BB879C /* Main.storyboard in Resources */,
			);
			runOnlyForDeploymentPostprocessing = 0;
		};
/* End PBXResourcesBuildPhase section */

/* Begin PBXSourcesBuildPhase section */
		2C01757522C2E5DC00BB879C /* Sources */ = {
			isa = PBXSourcesBuildPhase;
			buildActionMask = 2147483647;
			files = (
				2C01759122C2E98700BB879C /* MonsterCell.swift in Sources */,
				2C01757F22C2E5DC00BB879C /* ViewController.swift in Sources */,
				2C01758F22C2E5F600BB879C /* Monster.swift in Sources */,
				2C01757D22C2E5DC00BB879C /* AppDelegate.swift in Sources */,
			);
			runOnlyForDeploymentPostprocessing = 0;
		};
/* End PBXSourcesBuildPhase section */

/* Begin PBXVariantGroup section */
		2C01758022C2E5DC00BB879C /* Main.storyboard */ = {
			isa = PBXVariantGroup;
			children = (
				2C01758122C2E5DC00BB879C /* Base */,
			);
			name = Main.storyboard;
			sourceTree = "<group>";
		};
		2C01758522C2E5DD00BB879C /* LaunchScreen.storyboard */ = {
			isa = PBXVariantGroup;
			children = (
				2C01758622C2E5DD00BB879C /* Base */,
			);
			name = LaunchScreen.storyboard;
			sourceTree = "<group>";
		};
/* End PBXVariantGroup section */

/* Begin XCBuildConfiguration section */
		2C01758922C2E5DD00BB879C /* Debug */ = {
			isa = XCBuildConfiguration;
			buildSettings = {
				ALWAYS_SEARCH_USER_PATHS = NO;
				CLANG_ANALYZER_NONNULL = YES;
				CLANG_ANALYZER_NUMBER_OBJECT_CONVERSION = YES_AGGRESSIVE;
				CLANG_CXX_LANGUAGE_STANDARD = "gnu++14";
				CLANG_CXX_LIBRARY = "libc++";
				CLANG_ENABLE_MODULES = YES;
				CLANG_ENABLE_OBJC_ARC = YES;
				CLANG_ENABLE_OBJC_WEAK = YES;
				CLANG_WARN_BLOCK_CAPTURE_AUTORELEASING = YES;
				CLANG_WARN_BOOL_CONVERSION = YES;
				CLANG_WARN_COMMA = YES;
				CLANG_WARN_CONSTANT_CONVERSION = YES;
				CLANG_WARN_DEPRECATED_OBJC_IMPLEMENTATIONS = YES;
				CLANG_WARN_DIRECT_OBJC_ISA_USAGE = YES_ERROR;
				CLANG_WARN_DOCUMENTATION_COMMENTS = YES;
				CLANG_WARN_EMPTY_BODY = YES;
				CLANG_WARN_ENUM_CONVERSION = YES;
				CLANG_WARN_INFINITE_RECURSION = YES;
				CLANG_WARN_INT_CONVERSION = YES;
				CLANG_WARN_NON_LITERAL_NULL_CONVERSION = YES;
				CLANG_WARN_OBJC_IMPLICIT_RETAIN_SELF = YES;
				CLANG_WARN_OBJC_LITERAL_CONVERSION = YES;
				CLANG_WARN_OBJC_ROOT_CLASS = YES_ERROR;
				CLANG_WARN_RANGE_LOOP_ANALYSIS = YES;
				CLANG_WARN_STRICT_PROTOTYPES = YES;
				CLANG_WARN_SUSPICIOUS_MOVE = YES;
				CLANG_WARN_UNGUARDED_AVAILABILITY = YES_AGGRESSIVE;
				CLANG_WARN_UNREACHABLE_CODE = YES;
				CLANG_WARN__DUPLICATE_METHOD_MATCH = YES;
				CODE_SIGN_IDENTITY = "iPhone Developer";
				COPY_PHASE_STRIP = NO;
				DEBUG_INFORMATION_FORMAT = dwarf;
				ENABLE_STRICT_OBJC_MSGSEND = YES;
				ENABLE_TESTABILITY = YES;
				GCC_C_LANGUAGE_STANDARD = gnu11;
				GCC_DYNAMIC_NO_PIC = NO;
				GCC_NO_COMMON_BLOCKS = YES;
				GCC_OPTIMIZATION_LEVEL = 0;
				GCC_PREPROCESSOR_DEFINITIONS = (
					"DEBUG=1",
					"$(inherited)",
				);
				GCC_WARN_64_TO_32_BIT_CONVERSION = YES;
				GCC_WARN_ABOUT_RETURN_TYPE = YES_ERROR;
				GCC_WARN_UNDECLARED_SELECTOR = YES;
				GCC_WARN_UNINITIALIZED_AUTOS = YES_AGGRESSIVE;
				GCC_WARN_UNUSED_FUNCTION = YES;
				GCC_WARN_UNUSED_VARIABLE = YES;
				IPHONEOS_DEPLOYMENT_TARGET = 12.1;
				MTL_ENABLE_DEBUG_INFO = INCLUDE_SOURCE;
				MTL_FAST_MATH = YES;
				ONLY_ACTIVE_ARCH = YES;
				SDKROOT = iphoneos;
				SWIFT_ACTIVE_COMPILATION_CONDITIONS = DEBUG;
				SWIFT_OPTIMIZATION_LEVEL = "-Onone";
			};
			name = Debug;
		};
		2C01758A22C2E5DD00BB879C /* Release */ = {
			isa = XCBuildConfiguration;
			buildSettings = {
				ALWAYS_SEARCH_USER_PATHS = NO;
				CLANG_ANALYZER_NONNULL = YES;
				CLANG_ANALYZER_NUMBER_OBJECT_CONVERSION = YES_AGGRESSIVE;
				CLANG_CXX_LANGUAGE_STANDARD = "gnu++14";
				CLANG_CXX_LIBRARY = "libc++";
				CLANG_ENABLE_MODULES = YES;
				CLANG_ENABLE_OBJC_ARC = YES;
				CLANG_ENABLE_OBJC_WEAK = YES;
				CLANG_WARN_BLOCK_CAPTURE_AUTORELEASING = YES;
				CLANG_WARN_BOOL_CONVERSION = YES;
				CLANG_WARN_COMMA = YES;
				CLANG_WARN_CONSTANT_CONVERSION = YES;
				CLANG_WARN_DEPRECATED_OBJC_IMPLEMENTATIONS = YES;
				CLANG_WARN_DIRECT_OBJC_ISA_USAGE = YES_ERROR;
				CLANG_WARN_DOCUMENTATION_COMMENTS = YES;
				CLANG_WARN_EMPTY_BODY = YES;
				CLANG_WARN_ENUM_CONVERSION = YES;
				CLANG_WARN_INFINITE_RECURSION = YES;
				CLANG_WARN_INT_CONVERSION = YES;
				CLANG_WARN_NON_LITERAL_NULL_CONVERSION = YES;
				CLANG_WARN_OBJC_IMPLICIT_RETAIN_SELF = YES;
				CLANG_WARN_OBJC_LITERAL_CONVERSION = YES;
				CLANG_WARN_OBJC_ROOT_CLASS = YES_ERROR;
				CLANG_WARN_RANGE_LOOP_ANALYSIS = YES;
				CLANG_WARN_STRICT_PROTOTYPES = YES;
				CLANG_WARN_SUSPICIOUS_MOVE = YES;
				CLANG_WARN_UNGUARDED_AVAILABILITY = YES_AGGRESSIVE;
				CLANG_WARN_UNREACHABLE_CODE = YES;
				CLANG_WARN__DUPLICATE_METHOD_MATCH = YES;
				CODE_SIGN_IDENTITY = "iPhone Developer";
				COPY_PHASE_STRIP = NO;
				DEBUG_INFORMATION_FORMAT = "dwarf-with-dsym";
				ENABLE_NS_ASSERTIONS = NO;
				ENABLE_STRICT_OBJC_MSGSEND = YES;
				GCC_C_LANGUAGE_STANDARD = gnu11;
				GCC_NO_COMMON_BLOCKS = YES;
				GCC_WARN_64_TO_32_BIT_CONVERSION = YES;
				GCC_WARN_ABOUT_RETURN_TYPE = YES_ERROR;
				GCC_WARN_UNDECLARED_SELECTOR = YES;
				GCC_WARN_UNINITIALIZED_AUTOS = YES_AGGRESSIVE;
				GCC_WARN_UNUSED_FUNCTION = YES;
				GCC_WARN_UNUSED_VARIABLE = YES;
				IPHONEOS_DEPLOYMENT_TARGET = 12.1;
				MTL_ENABLE_DEBUG_INFO = NO;
				MTL_FAST_MATH = YES;
				SDKROOT = iphoneos;
				SWIFT_COMPILATION_MODE = wholemodule;
				SWIFT_OPTIMIZATION_LEVEL = "-O";
				VALIDATE_PRODUCT = YES;
			};
			name = Release;
		};
		2C01758C22C2E5DD00BB879C /* Debug */ = {
			isa = XCBuildConfiguration;
			buildSettings = {
				ASSETCATALOG_COMPILER_APPICON_NAME = AppIcon;
				CODE_SIGN_STYLE = Automatic;
				DEVELOPMENT_TEAM = G352MN6LDA;
				INFOPLIST_FILE = TWOM_Timer/Info.plist;
				LD_RUNPATH_SEARCH_PATHS = (
					"$(inherited)",
					"@executable_path/Frameworks",
				);
				PRODUCT_BUNDLE_IDENTIFIER = "young.kim.TWOM-Timer";
				PRODUCT_NAME = "$(TARGET_NAME)";
				SWIFT_VERSION = 4.2;
				TARGETED_DEVICE_FAMILY = "1,2";
			};
			name = Debug;
		};
		2C01758D22C2E5DD00BB879C /* Release */ = {
			isa = XCBuildConfiguration;
			buildSettings = {
				ASSETCATALOG_COMPILER_APPICON_NAME = AppIcon;
				CODE_SIGN_STYLE = Automatic;
				DEVELOPMENT_TEAM = G352MN6LDA;
				INFOPLIST_FILE = TWOM_Timer/Info.plist;
				LD_RUNPATH_SEARCH_PATHS = (
					"$(inherited)",
					"@executable_path/Frameworks",
				);
				PRODUCT_BUNDLE_IDENTIFIER = "young.kim.TWOM-Timer";
				PRODUCT_NAME = "$(TARGET_NAME)";
				SWIFT_VERSION = 4.2;
				TARGETED_DEVICE_FAMILY = "1,2";
			};
			name = Release;
		};
/* End XCBuildConfiguration section */

/* Begin XCConfigurationList section */
		2C01757422C2E5DC00BB879C /* Build configuration list for PBXProject "TWOM_Timer" */ = {
			isa = XCConfigurationList;
			buildConfigurations = (
				2C01758922C2E5DD00BB879C /* Debug */,
				2C01758A22C2E5DD00BB879C /* Release */,
			);
			defaultConfigurationIsVisible = 0;
			defaultConfigurationName = Release;
		};
		2C01758B22C2E5DD00BB879C /* Build configuration list for PBXNativeTarget "TWOM_Timer" */ = {
			isa = XCConfigurationList;
			buildConfigurations = (
				2C01758C22C2E5DD00BB879C /* Debug */,
				2C01758D22C2E5DD00BB879C /* Release */,
			);
			defaultConfigurationIsVisible = 0;
			defaultConfigurationName = Release;
		};
/* End XCConfigurationList section */
	};
	rootObject = 2C01757122C2E5DC00BB879C /* Project object */;
}
